
Microsoft Visual Studio Solution File, Format Version 12.00
# Visual Studio Version 16
VisualStudioVersion = 16.0.30907.101
MinimumVisualStudioVersion = 10.0.40219.1
Project("{FAE04EC0-301F-11D3-BF4B-00C04F79EFBC}") = "BacPacker", "BacPacker\BacPacker.csproj", "{4BCF471E-6A44-40C8-A35B-ABBA0CBEE425}"
EndProject
Global
	GlobalSection(SolutionConfigurationPlatforms) = preSolution
		Debug|Any CPU = Debug|Any CPU
		Release|Any CPU = Release|Any CPU
	EndGlobalSection
	GlobalSection(ProjectConfigurationPlatforms) = postSolution
		{4BCF471E-6A44-40C8-A35B-ABBA0CBEE425}.Debug|Any CPU.ActiveCfg = Debug|Any CPU
		{4BCF471E-6A44-40C8-A35B-ABBA0CBEE425}.Debug|Any CPU.Build.0 = Debug|Any CPU
		{4BCF471E-6A44-40C8-A35B-ABBA0CBEE425}.Release|Any CPU.ActiveCfg = Release|Any CPU
		{4BCF471E-6A44-40C8-A35B-ABBA0CBEE425}.Release|Any CPU.Build.0 = Release|Any CPU
	EndGlobalSection
	GlobalSection(SolutionProperties) = preSolution
		HideSolutionNode = FALSE
	EndGlobalSection
	GlobalSection(ExtensibilityGlobals) = postSolution
		SolutionGuid = {3A2D8219-831B-441F-8F95-1458D44ABB49}
	EndGlobalSection
EndGlobal
